
Microsoft Visual Studio Solution File, Format Version 12.00
Project("{FAE04EC0-301F-11D3-BF4B-00C04F79EFBC}") = "Задание 10", "Задание 10.csproj", "{DE23905F-29DF-4574-BD52-4999FAC14EA0}"
EndProject
Global
	GlobalSection(SolutionConfigurationPlatforms) = preSolution
		Debug|Any CPU = Debug|Any CPU
		Release|Any CPU = Release|Any CPU
	EndGlobalSection
	GlobalSection(ProjectConfigurationPlatforms) = postSolution
		{DE23905F-29DF-4574-BD52-4999FAC14EA0}.Debug|Any CPU.ActiveCfg = Debug|Any CPU
		{DE23905F-29DF-4574-BD52-4999FAC14EA0}.Debug|Any CPU.Build.0 = Debug|Any CPU
		{DE23905F-29DF-4574-BD52-4999FAC14EA0}.Release|Any CPU.ActiveCfg = Release|Any CPU
		{DE23905F-29DF-4574-BD52-4999FAC14EA0}.Release|Any CPU.Build.0 = Release|Any CPU
	EndGlobalSection
EndGlobal
