
Microsoft Visual Studio Solution File, Format Version 12.00
Project("{FAE04EC0-301F-11D3-BF4B-00C04F79EFBC}") = "Задание 7", "Задание 7.csproj", "{834C5DBF-EF44-48B7-AF1C-6AF3BBABDDD1}"
EndProject
Global
	GlobalSection(SolutionConfigurationPlatforms) = preSolution
		Debug|Any CPU = Debug|Any CPU
		Release|Any CPU = Release|Any CPU
	EndGlobalSection
	GlobalSection(ProjectConfigurationPlatforms) = postSolution
		{834C5DBF-EF44-48B7-AF1C-6AF3BBABDDD1}.Debug|Any CPU.ActiveCfg = Debug|Any CPU
		{834C5DBF-EF44-48B7-AF1C-6AF3BBABDDD1}.Debug|Any CPU.Build.0 = Debug|Any CPU
		{834C5DBF-EF44-48B7-AF1C-6AF3BBABDDD1}.Release|Any CPU.ActiveCfg = Release|Any CPU
		{834C5DBF-EF44-48B7-AF1C-6AF3BBABDDD1}.Release|Any CPU.Build.0 = Release|Any CPU
	EndGlobalSection
EndGlobal
