
Microsoft Visual Studio Solution File, Format Version 12.00
Project("{FAE04EC0-301F-11D3-BF4B-00C04F79EFBC}") = "Задание 2", "Задание 2.csproj", "{F268ED3D-D93D-43A4-89CA-1FF2A318D9C0}"
EndProject
Global
	GlobalSection(SolutionConfigurationPlatforms) = preSolution
		Debug|Any CPU = Debug|Any CPU
		Release|Any CPU = Release|Any CPU
	EndGlobalSection
	GlobalSection(ProjectConfigurationPlatforms) = postSolution
		{F268ED3D-D93D-43A4-89CA-1FF2A318D9C0}.Debug|Any CPU.ActiveCfg = Debug|Any CPU
		{F268ED3D-D93D-43A4-89CA-1FF2A318D9C0}.Debug|Any CPU.Build.0 = Debug|Any CPU
		{F268ED3D-D93D-43A4-89CA-1FF2A318D9C0}.Release|Any CPU.ActiveCfg = Release|Any CPU
		{F268ED3D-D93D-43A4-89CA-1FF2A318D9C0}.Release|Any CPU.Build.0 = Release|Any CPU
	EndGlobalSection
EndGlobal
