
Microsoft Visual Studio Solution File, Format Version 12.00
Project("{FAE04EC0-301F-11D3-BF4B-00C04F79EFBC}") = "Задание 11", "Задание 11.csproj", "{8E510444-C15D-412A-9354-4C188566881E}"
EndProject
Global
	GlobalSection(SolutionConfigurationPlatforms) = preSolution
		Debug|Any CPU = Debug|Any CPU
		Release|Any CPU = Release|Any CPU
	EndGlobalSection
	GlobalSection(ProjectConfigurationPlatforms) = postSolution
		{8E510444-C15D-412A-9354-4C188566881E}.Debug|Any CPU.ActiveCfg = Debug|Any CPU
		{8E510444-C15D-412A-9354-4C188566881E}.Debug|Any CPU.Build.0 = Debug|Any CPU
		{8E510444-C15D-412A-9354-4C188566881E}.Release|Any CPU.ActiveCfg = Release|Any CPU
		{8E510444-C15D-412A-9354-4C188566881E}.Release|Any CPU.Build.0 = Release|Any CPU
	EndGlobalSection
EndGlobal
