
Microsoft Visual Studio Solution File, Format Version 12.00
Project("{FAE04EC0-301F-11D3-BF4B-00C04F79EFBC}") = "Задание 14", "Задание 14.csproj", "{7E46E88B-F870-4A8B-8994-CEAE68B9577F}"
EndProject
Global
	GlobalSection(SolutionConfigurationPlatforms) = preSolution
		Debug|Any CPU = Debug|Any CPU
		Release|Any CPU = Release|Any CPU
	EndGlobalSection
	GlobalSection(ProjectConfigurationPlatforms) = postSolution
		{7E46E88B-F870-4A8B-8994-CEAE68B9577F}.Debug|Any CPU.ActiveCfg = Debug|Any CPU
		{7E46E88B-F870-4A8B-8994-CEAE68B9577F}.Debug|Any CPU.Build.0 = Debug|Any CPU
		{7E46E88B-F870-4A8B-8994-CEAE68B9577F}.Release|Any CPU.ActiveCfg = Release|Any CPU
		{7E46E88B-F870-4A8B-8994-CEAE68B9577F}.Release|Any CPU.Build.0 = Release|Any CPU
	EndGlobalSection
EndGlobal
